
Microsoft Visual Studio Solution File, Format Version 12.00
# Visual Studio 15
VisualStudioVersion = 15.0.28307.168
MinimumVisualStudioVersion = 10.0.40219.1
Project("{FAE04EC0-301F-11D3-BF4B-00C04F79EFBC}") = "ProgramFORaudition", "ProgramFORaudition\ProgramFORaudition.csproj", "{37AFA410-AE24-4E17-8D2A-F7E8FE79E223}"
EndProject
Global
	GlobalSection(SolutionConfigurationPlatforms) = preSolution
		Debug|Any CPU = Debug|Any CPU
		Release|Any CPU = Release|Any CPU
	EndGlobalSection
	GlobalSection(ProjectConfigurationPlatforms) = postSolution
		{37AFA410-AE24-4E17-8D2A-F7E8FE79E223}.Debug|Any CPU.ActiveCfg = Debug|Any CPU
		{37AFA410-AE24-4E17-8D2A-F7E8FE79E223}.Debug|Any CPU.Build.0 = Debug|Any CPU
		{37AFA410-AE24-4E17-8D2A-F7E8FE79E223}.Release|Any CPU.ActiveCfg = Release|Any CPU
		{37AFA410-AE24-4E17-8D2A-F7E8FE79E223}.Release|Any CPU.Build.0 = Release|Any CPU
	EndGlobalSection
	GlobalSection(SolutionProperties) = preSolution
		HideSolutionNode = FALSE
	EndGlobalSection
	GlobalSection(ExtensibilityGlobals) = postSolution
		SolutionGuid = {B03D4B2E-6AED-496F-9AB5-6EC998ECAACE}
	EndGlobalSection
EndGlobal
